
Microsoft Visual Studio Solution File, Format Version 12.00
# Visual Studio Version 17
VisualStudioVersion = 17.3.32922.545
MinimumVisualStudioVersion = 10.0.40219.1
Project("{8BC9CEB8-8B4A-11D0-8D11-00A0C91BC942}") = "Problem6", "Problem6\Problem6.vcxproj", "{68E20202-1E9B-4A0E-84B8-C35711DD2782}"
EndProject
Global
	GlobalSection(SolutionConfigurationPlatforms) = preSolution
		Debug|x64 = Debug|x64
		Debug|x86 = Debug|x86
		Release|x64 = Release|x64
		Release|x86 = Release|x86
	EndGlobalSection
	GlobalSection(ProjectConfigurationPlatforms) = postSolution
		{68E20202-1E9B-4A0E-84B8-C35711DD2782}.Debug|x64.ActiveCfg = Debug|x64
		{68E20202-1E9B-4A0E-84B8-C35711DD2782}.Debug|x64.Build.0 = Debug|x64
		{68E20202-1E9B-4A0E-84B8-C35711DD2782}.Debug|x86.ActiveCfg = Debug|Win32
		{68E20202-1E9B-4A0E-84B8-C35711DD2782}.Debug|x86.Build.0 = Debug|Win32
		{68E20202-1E9B-4A0E-84B8-C35711DD2782}.Release|x64.ActiveCfg = Release|x64
		{68E20202-1E9B-4A0E-84B8-C35711DD2782}.Release|x64.Build.0 = Release|x64
		{68E20202-1E9B-4A0E-84B8-C35711DD2782}.Release|x86.ActiveCfg = Release|Win32
		{68E20202-1E9B-4A0E-84B8-C35711DD2782}.Release|x86.Build.0 = Release|Win32
	EndGlobalSection
	GlobalSection(SolutionProperties) = preSolution
		HideSolutionNode = FALSE
	EndGlobalSection
	GlobalSection(ExtensibilityGlobals) = postSolution
		SolutionGuid = {3B4CB5EB-27F4-48F1-9765-5D116B993C71}
	EndGlobalSection
EndGlobal
